
Microsoft Visual Studio Solution File, Format Version 12.00
# Visual Studio Version 16
VisualStudioVersion = 16.0.31515.178
MinimumVisualStudioVersion = 10.0.40219.1
Project("{FAE04EC0-301F-11D3-BF4B-00C04F79EFBC}") = "TodoListBlazorWasm", "TodoListBlazorWasm\TodoListBlazorWasm.csproj", "{B5304D25-FD0F-428E-909E-24A0037C4807}"
EndProject
Global
	GlobalSection(SolutionConfigurationPlatforms) = preSolution
		Debug|Any CPU = Debug|Any CPU
		Release|Any CPU = Release|Any CPU
	EndGlobalSection
	GlobalSection(ProjectConfigurationPlatforms) = postSolution
		{B5304D25-FD0F-428E-909E-24A0037C4807}.Debug|Any CPU.ActiveCfg = Debug|Any CPU
		{B5304D25-FD0F-428E-909E-24A0037C4807}.Debug|Any CPU.Build.0 = Debug|Any CPU
		{B5304D25-FD0F-428E-909E-24A0037C4807}.Release|Any CPU.ActiveCfg = Release|Any CPU
		{B5304D25-FD0F-428E-909E-24A0037C4807}.Release|Any CPU.Build.0 = Release|Any CPU
	EndGlobalSection
	GlobalSection(SolutionProperties) = preSolution
		HideSolutionNode = FALSE
	EndGlobalSection
	GlobalSection(ExtensibilityGlobals) = postSolution
		SolutionGuid = {F05F9B68-0C9A-4974-BAD2-298CB2CDB460}
	EndGlobalSection
EndGlobal
